// !$*UTF8*$!
{
	archiveVersion = 1;
	classes = {
	};
	objectVersion = 46;
	objects = {

/* Begin PBXBuildFile section */
		1303F0C81804428F0046E720 /* UpcomingWeatherViewController.m in Sources */ = {isa = PBXBuildFile; fileRef = 1303F0C61804428F0046E720 /* UpcomingWeatherViewController.m */; };
		1303F0C91804428F0046E720 /* UpcomingWeatherViewController.xib in Resources */ = {isa = PBXBuildFile; fileRef = 1303F0C71804428F0046E720 /* UpcomingWeatherViewController.xib */; };
		1303F0D01804489A0046E720 /* ClearTiny@2x.png in Resources */ = {isa = PBXBuildFile; fileRef = 1303F0CB1804489A0046E720 /* ClearTiny@2x.png */; };
		1303F0D11804489A0046E720 /* CloudyTiny@2x.png in Resources */ = {isa = PBXBuildFile; fileRef = 1303F0CC1804489A0046E720 /* CloudyTiny@2x.png */; };
		1303F0D21804489A0046E720 /* OvercastTiny@2x.png in Resources */ = {isa = PBXBuildFile; fileRef = 1303F0CD1804489A0046E720 /* OvercastTiny@2x.png */; };
		1303F0D31804489A0046E720 /* RainTiny@2x.png in Resources */ = {isa = PBXBuildFile; fileRef = 1303F0CE1804489A0046E720 /* RainTiny@2x.png */; };
		1303F0D41804489A0046E720 /* ThunderStromTiny@2x.png in Resources */ = {isa = PBXBuildFile; fileRef = 1303F0CF1804489A0046E720 /* ThunderStromTiny@2x.png */; };
		1338C3F4180AF9740039FB15 /* BaseViewController.m in Sources */ = {isa = PBXBuildFile; fileRef = 1338C3F3180AF9740039FB15 /* BaseViewController.m */; };
		1338C3F7180AF9840039FB15 /* LeftPanelViewController.m in Sources */ = {isa = PBXBuildFile; fileRef = 1338C3F6180AF9840039FB15 /* LeftPanelViewController.m */; };
		1338C3F9180AFED20039FB15 /* settingsButton@2x.png in Resources */ = {isa = PBXBuildFile; fileRef = 1338C3F8180AFED20039FB15 /* settingsButton@2x.png */; };
		1348DF8B1805BA1E0051211C /* fair@2x.png in Resources */ = {isa = PBXBuildFile; fileRef = 1348DF891805BA1E0051211C /* fair@2x.png */; };
		1348DF8C1805BA1E0051211C /* clear@2x.png in Resources */ = {isa = PBXBuildFile; fileRef = 1348DF8A1805BA1E0051211C /* clear@2x.png */; };
		13BAFE4318025BF800DB68FA /* Foundation.framework in Frameworks */ = {isa = PBXBuildFile; fileRef = 13BAFE4218025BF800DB68FA /* Foundation.framework */; };
		13BAFE4518025BF800DB68FA /* CoreGraphics.framework in Frameworks */ = {isa = PBXBuildFile; fileRef = 13BAFE4418025BF800DB68FA /* CoreGraphics.framework */; };
		13BAFE4718025BF800DB68FA /* UIKit.framework in Frameworks */ = {isa = PBXBuildFile; fileRef = 13BAFE4618025BF800DB68FA /* UIKit.framework */; };
		13BAFE4918025BF800DB68FA /* CoreData.framework in Frameworks */ = {isa = PBXBuildFile; fileRef = 13BAFE4818025BF800DB68FA /* CoreData.framework */; };
		13BAFE4F18025BF800DB68FA /* InfoPlist.strings in Resources */ = {isa = PBXBuildFile; fileRef = 13BAFE4D18025BF800DB68FA /* InfoPlist.strings */; };
		13BAFE5118025BF800DB68FA /* main.m in Sources */ = {isa = PBXBuildFile; fileRef = 13BAFE5018025BF800DB68FA /* main.m */; };
		13BAFE5518025BF800DB68FA /* AppDelegate.m in Sources */ = {isa = PBXBuildFile; fileRef = 13BAFE5418025BF800DB68FA /* AppDelegate.m */; };
		13BAFE5818025BF800DB68FA /* WeatherPrototype.xcdatamodeld in Sources */ = {isa = PBXBuildFile; fileRef = 13BAFE5618025BF800DB68FA /* WeatherPrototype.xcdatamodeld */; };
		13BAFE5A18025BF800DB68FA /* Images.xcassets in Resources */ = {isa = PBXBuildFile; fileRef = 13BAFE5918025BF800DB68FA /* Images.xcassets */; };
		13BAFE6118025BF800DB68FA /* XCTest.framework in Frameworks */ = {isa = PBXBuildFile; fileRef = 13BAFE6018025BF800DB68FA /* XCTest.framework */; };
		13BAFE6218025BF800DB68FA /* Foundation.framework in Frameworks */ = {isa = PBXBuildFile; fileRef = 13BAFE4218025BF800DB68FA /* Foundation.framework */; };
		13BAFE6318025BF800DB68FA /* UIKit.framework in Frameworks */ = {isa = PBXBuildFile; fileRef = 13BAFE4618025BF800DB68FA /* UIKit.framework */; };
		13BAFE6418025BF800DB68FA /* CoreData.framework in Frameworks */ = {isa = PBXBuildFile; fileRef = 13BAFE4818025BF800DB68FA /* CoreData.framework */; };
		13BAFE6C18025BF800DB68FA /* InfoPlist.strings in Resources */ = {isa = PBXBuildFile; fileRef = 13BAFE6A18025BF800DB68FA /* InfoPlist.strings */; };
		13BAFE6E18025BF800DB68FA /* WeatherPrototypeTests.m in Sources */ = {isa = PBXBuildFile; fileRef = 13BAFE6D18025BF800DB68FA /* WeatherPrototypeTests.m */; };
		13BAFE7918025F1600DB68FA /* WeatherViewController.m in Sources */ = {isa = PBXBuildFile; fileRef = 13BAFE7818025F1600DB68FA /* WeatherViewController.m */; };
		13BAFE7C18025F5400DB68FA /* WeatherModel.m in Sources */ = {isa = PBXBuildFile; fileRef = 13BAFE7B18025F5400DB68FA /* WeatherModel.m */; };
		13BAFE831802706C00DB68FA /* bg@2x.png in Resources */ = {isa = PBXBuildFile; fileRef = 13BAFE821802706C00DB68FA /* bg@2x.png */; };
		13BAFE851802724E00DB68FA /* dashboardBG@2x.png in Resources */ = {isa = PBXBuildFile; fileRef = 13BAFE841802724E00DB68FA /* dashboardBG@2x.png */; };
		13BAFE871802740100DB68FA /* gardientBG@2x.png in Resources */ = {isa = PBXBuildFile; fileRef = 13BAFE861802740100DB68FA /* gardientBG@2x.png */; };
		13BAFE991802796000DB68FA /* Roboto-Black.ttf in Resources */ = {isa = PBXBuildFile; fileRef = 13BAFE891802796000DB68FA /* Roboto-Black.ttf */; };
		13BAFE9A1802796000DB68FA /* Roboto-BlackItalic.ttf in Resources */ = {isa = PBXBuildFile; fileRef = 13BAFE8A1802796000DB68FA /* Roboto-BlackItalic.ttf */; };
		13BAFE9B1802796000DB68FA /* Roboto-Bold.ttf in Resources */ = {isa = PBXBuildFile; fileRef = 13BAFE8B1802796000DB68FA /* Roboto-Bold.ttf */; };
		13BAFE9C1802796000DB68FA /* Roboto-BoldCondensed.ttf in Resources */ = {isa = PBXBuildFile; fileRef = 13BAFE8C1802796000DB68FA /* Roboto-BoldCondensed.ttf */; };
		13BAFE9D1802796000DB68FA /* Roboto-BoldCondensedItalic.ttf in Resources */ = {isa = PBXBuildFile; fileRef = 13BAFE8D1802796000DB68FA /* Roboto-BoldCondensedItalic.ttf */; };
		13BAFE9E1802796000DB68FA /* Roboto-BoldItalic.ttf in Resources */ = {isa = PBXBuildFile; fileRef = 13BAFE8E1802796000DB68FA /* Roboto-BoldItalic.ttf */; };
		13BAFE9F1802796000DB68FA /* Roboto-Condensed.ttf in Resources */ = {isa = PBXBuildFile; fileRef = 13BAFE8F1802796000DB68FA /* Roboto-Condensed.ttf */; };
		13BAFEA01802796000DB68FA /* Roboto-CondensedItalic.ttf in Resources */ = {isa = PBXBuildFile; fileRef = 13BAFE901802796000DB68FA /* Roboto-CondensedItalic.ttf */; };
		13BAFEA11802796000DB68FA /* Roboto-Italic.ttf in Resources */ = {isa = PBXBuildFile; fileRef = 13BAFE911802796000DB68FA /* Roboto-Italic.ttf */; };
		13BAFEA21802796000DB68FA /* Roboto-Light.ttf in Resources */ = {isa = PBXBuildFile; fileRef = 13BAFE921802796000DB68FA /* Roboto-Light.ttf */; };
		13BAFEA31802796000DB68FA /* Roboto-LightItalic.ttf in Resources */ = {isa = PBXBuildFile; fileRef = 13BAFE931802796000DB68FA /* Roboto-LightItalic.ttf */; };
		13BAFEA41802796000DB68FA /* Roboto-Medium.ttf in Resources */ = {isa = PBXBuildFile; fileRef = 13BAFE941802796000DB68FA /* Roboto-Medium.ttf */; };
		13BAFEA51802796000DB68FA /* Roboto-MediumItalic.ttf in Resources */ = {isa = PBXBuildFile; fileRef = 13BAFE951802796000DB68FA /* Roboto-MediumItalic.ttf */; };
		13BAFEA61802796000DB68FA /* Roboto-Regular.ttf in Resources */ = {isa = PBXBuildFile; fileRef = 13BAFE961802796000DB68FA /* Roboto-Regular.ttf */; };
		13BAFEA71802796000DB68FA /* Roboto-Thin.ttf in Resources */ = {isa = PBXBuildFile; fileRef = 13BAFE971802796000DB68FA /* Roboto-Thin.ttf */; };
		13BAFEA81802796000DB68FA /* Roboto-ThinItalic.ttf in Resources */ = {isa = PBXBuildFile; fileRef = 13BAFE981802796000DB68FA /* Roboto-ThinItalic.ttf */; };
		13BAFEAB1802997900DB68FA /* calculus@2x.png in Resources */ = {isa = PBXBuildFile; fileRef = 13BAFEAA1802997900DB68FA /* calculus@2x.png */; };
		13BAFEAD18029F0A00DB68FA /* locationInd@2x.png in Resources */ = {isa = PBXBuildFile; fileRef = 13BAFEAC18029F0A00DB68FA /* locationInd@2x.png */; };
		13BAFEAF1802A59C00DB68FA /* highLow@2x.png in Resources */ = {isa = PBXBuildFile; fileRef = 13BAFEAE1802A59C00DB68FA /* highLow@2x.png */; };
		13BAFEB21802A9A200DB68FA /* percip@2x.png in Resources */ = {isa = PBXBuildFile; fileRef = 13BAFEB01802A9A200DB68FA /* percip@2x.png */; };
		13BAFEB31802A9A200DB68FA /* condition@2x.png in Resources */ = {isa = PBXBuildFile; fileRef = 13BAFEB11802A9A200DB68FA /* condition@2x.png */; };
		13BAFEB61802AB8E00DB68FA /* Sunny@2x.png in Resources */ = {isa = PBXBuildFile; fileRef = 13BAFEB51802AB8E00DB68FA /* Sunny@2x.png */; };
		13FAF00E1806D80000E1A9F8 /* motionBg@2x.png in Resources */ = {isa = PBXBuildFile; fileRef = 13FAF00D1806D80000E1A9F8 /* motionBg@2x.png */; };
		1C96FB89180569880058B5BC /* UILabel+Font.m in Sources */ = {isa = PBXBuildFile; fileRef = 1C96FB88180569880058B5BC /* UILabel+Font.m */; };
		1C96FB8C180569980058B5BC /* UIView+Frame.m in Sources */ = {isa = PBXBuildFile; fileRef = 1C96FB8B180569980058B5BC /* UIView+Frame.m */; };
		1CE91D4518083B1300FE0B46 /* WeatherModelList.m in Sources */ = {isa = PBXBuildFile; fileRef = 1CE91D4418083B1300FE0B46 /* WeatherModelList.m */; };
/* End PBXBuildFile section */

/* Begin PBXContainerItemProxy section */
		13BAFE6518025BF800DB68FA /* PBXContainerItemProxy */ = {
			isa = PBXContainerItemProxy;
			containerPortal = 13BAFE3718025BF800DB68FA /* Project object */;
			proxyType = 1;
			remoteGlobalIDString = 13BAFE3E18025BF800DB68FA;
			remoteInfo = WeatherPrototype;
		};
/* End PBXContainerItemProxy section */

/* Begin PBXFileReference section */
		1303F0C51804428F0046E720 /* UpcomingWeatherViewController.h */ = {isa = PBXFileReference; fileEncoding = 4; lastKnownFileType = sourcecode.c.h; path = UpcomingWeatherViewController.h; sourceTree = "<group>"; };
		1303F0C61804428F0046E720 /* UpcomingWeatherViewController.m */ = {isa = PBXFileReference; fileEncoding = 4; lastKnownFileType = sourcecode.c.objc; path = UpcomingWeatherViewController.m; sourceTree = "<group>"; };
		1303F0C71804428F0046E720 /* UpcomingWeatherViewController.xib */ = {isa = PBXFileReference; fileEncoding = 4; lastKnownFileType = file.xib; path = UpcomingWeatherViewController.xib; sourceTree = "<group>"; };
		1303F0CB1804489A0046E720 /* ClearTiny@2x.png */ = {isa = PBXFileReference; lastKnownFileType = image.png; path = "ClearTiny@2x.png"; sourceTree = "<group>"; };
		1303F0CC1804489A0046E720 /* CloudyTiny@2x.png */ = {isa = PBXFileReference; lastKnownFileType = image.png; path = "CloudyTiny@2x.png"; sourceTree = "<group>"; };
		1303F0CD1804489A0046E720 /* OvercastTiny@2x.png */ = {isa = PBXFileReference; lastKnownFileType = image.png; path = "OvercastTiny@2x.png"; sourceTree = "<group>"; };
		1303F0CE1804489A0046E720 /* RainTiny@2x.png */ = {isa = PBXFileReference; lastKnownFileType = image.png; path = "RainTiny@2x.png"; sourceTree = "<group>"; };
		1303F0CF1804489A0046E720 /* ThunderStromTiny@2x.png */ = {isa = PBXFileReference; lastKnownFileType = image.png; path = "ThunderStromTiny@2x.png"; sourceTree = "<group>"; };
		1338C3F2180AF9740039FB15 /* BaseViewController.h */ = {isa = PBXFileReference; fileEncoding = 4; lastKnownFileType = sourcecode.c.h; path = BaseViewController.h; sourceTree = "<group>"; };
		1338C3F3180AF9740039FB15 /* BaseViewController.m */ = {isa = PBXFileReference; fileEncoding = 4; lastKnownFileType = sourcecode.c.objc; path = BaseViewController.m; sourceTree = "<group>"; };
		1338C3F5180AF9840039FB15 /* LeftPanelViewController.h */ = {isa = PBXFileReference; fileEncoding = 4; lastKnownFileType = sourcecode.c.h; path = LeftPanelViewController.h; sourceTree = "<group>"; };
		1338C3F6180AF9840039FB15 /* LeftPanelViewController.m */ = {isa = PBXFileReference; fileEncoding = 4; lastKnownFileType = sourcecode.c.objc; path = LeftPanelViewController.m; sourceTree = "<group>"; };
		1338C3F8180AFED20039FB15 /* settingsButton@2x.png */ = {isa = PBXFileReference; lastKnownFileType = image.png; path = "settingsButton@2x.png"; sourceTree = "<group>"; };
		1348DF891805BA1E0051211C /* fair@2x.png */ = {isa = PBXFileReference; lastKnownFileType = image.png; path = "fair@2x.png"; sourceTree = "<group>"; };
		1348DF8A1805BA1E0051211C /* clear@2x.png */ = {isa = PBXFileReference; lastKnownFileType = image.png; path = "clear@2x.png"; sourceTree = "<group>"; };
		13BAFE3F18025BF800DB68FA /* WeatherPrototype.app */ = {isa = PBXFileReference; explicitFileType = wrapper.application; includeInIndex = 0; path = WeatherPrototype.app; sourceTree = BUILT_PRODUCTS_DIR; };
		13BAFE4218025BF800DB68FA /* Foundation.framework */ = {isa = PBXFileReference; lastKnownFileType = wrapper.framework; name = Foundation.framework; path = System/Library/Frameworks/Foundation.framework; sourceTree = SDKROOT; };
		13BAFE4418025BF800DB68FA /* CoreGraphics.framework */ = {isa = PBXFileReference; lastKnownFileType = wrapper.framework; name = CoreGraphics.framework; path = System/Library/Frameworks/CoreGraphics.framework; sourceTree = SDKROOT; };
		13BAFE4618025BF800DB68FA /* UIKit.framework */ = {isa = PBXFileReference; lastKnownFileType = wrapper.framework; name = UIKit.framework; path = System/Library/Frameworks/UIKit.framework; sourceTree = SDKROOT; };
		13BAFE4818025BF800DB68FA /* CoreData.framework */ = {isa = PBXFileReference; lastKnownFileType = wrapper.framework; name = CoreData.framework; path = System/Library/Frameworks/CoreData.framework; sourceTree = SDKROOT; };
		13BAFE4C18025BF800DB68FA /* WeatherPrototype-Info.plist */ = {isa = PBXFileReference; lastKnownFileType = text.plist.xml; path = "WeatherPrototype-Info.plist"; sourceTree = "<group>"; };
		13BAFE4E18025BF800DB68FA /* en */ = {isa = PBXFileReference; lastKnownFileType = text.plist.strings; name = en; path = en.lproj/InfoPlist.strings; sourceTree = "<group>"; };
		13BAFE5018025BF800DB68FA /* main.m */ = {isa = PBXFileReference; lastKnownFileType = sourcecode.c.objc; path = main.m; sourceTree = "<group>"; };
		13BAFE5218025BF800DB68FA /* WeatherPrototype-Prefix.pch */ = {isa = PBXFileReference; lastKnownFileType = sourcecode.c.h; path = "WeatherPrototype-Prefix.pch"; sourceTree = "<group>"; };
		13BAFE5318025BF800DB68FA /* AppDelegate.h */ = {isa = PBXFileReference; lastKnownFileType = sourcecode.c.h; path = AppDelegate.h; sourceTree = "<group>"; };
		13BAFE5418025BF800DB68FA /* AppDelegate.m */ = {isa = PBXFileReference; lastKnownFileType = sourcecode.c.objc; path = AppDelegate.m; sourceTree = "<group>"; };
		13BAFE5718025BF800DB68FA /* WeatherPrototype.xcdatamodel */ = {isa = PBXFileReference; lastKnownFileType = wrapper.xcdatamodel; path = WeatherPrototype.xcdatamodel; sourceTree = "<group>"; };
		13BAFE5918025BF800DB68FA /* Images.xcassets */ = {isa = PBXFileReference; lastKnownFileType = folder.assetcatalog; path = Images.xcassets; sourceTree = "<group>"; };
		13BAFE5F18025BF800DB68FA /* WeatherPrototypeTests.xctest */ = {isa = PBXFileReference; explicitFileType = wrapper.cfbundle; includeInIndex = 0; path = WeatherPrototypeTests.xctest; sourceTree = BUILT_PRODUCTS_DIR; };
		13BAFE6018025BF800DB68FA /* XCTest.framework */ = {isa = PBXFileReference; lastKnownFileType = wrapper.framework; name = XCTest.framework; path = Library/Frameworks/XCTest.framework; sourceTree = DEVELOPER_DIR; };
		13BAFE6918025BF800DB68FA /* WeatherPrototypeTests-Info.plist */ = {isa = PBXFileReference; lastKnownFileType = text.plist.xml; path = "WeatherPrototypeTests-Info.plist"; sourceTree = "<group>"; };
		13BAFE6B18025BF800DB68FA /* en */ = {isa = PBXFileReference; lastKnownFileType = text.plist.strings; name = en; path = en.lproj/InfoPlist.strings; sourceTree = "<group>"; };
		13BAFE6D18025BF800DB68FA /* WeatherPrototypeTests.m */ = {isa = PBXFileReference; lastKnownFileType = sourcecode.c.objc; path = WeatherPrototypeTests.m; sourceTree = "<group>"; };
		13BAFE7718025F1600DB68FA /* WeatherViewController.h */ = {isa = PBXFileReference; fileEncoding = 4; lastKnownFileType = sourcecode.c.h; path = WeatherViewController.h; sourceTree = "<group>"; };
		13BAFE7818025F1600DB68FA /* WeatherViewController.m */ = {isa = PBXFileReference; fileEncoding = 4; lastKnownFileType = sourcecode.c.objc; path = WeatherViewController.m; sourceTree = "<group>"; };
		13BAFE7A18025F5400DB68FA /* WeatherModel.h */ = {isa = PBXFileReference; fileEncoding = 4; lastKnownFileType = sourcecode.c.h; path = WeatherModel.h; sourceTree = "<group>"; };
		13BAFE7B18025F5400DB68FA /* WeatherModel.m */ = {isa = PBXFileReference; fileEncoding = 4; lastKnownFileType = sourcecode.c.objc; path = WeatherModel.m; sourceTree = "<group>"; };
		13BAFE821802706C00DB68FA /* bg@2x.png */ = {isa = PBXFileReference; lastKnownFileType = image.png; path = "bg@2x.png"; sourceTree = "<group>"; };
		13BAFE841802724E00DB68FA /* dashboardBG@2x.png */ = {isa = PBXFileReference; lastKnownFileType = image.png; path = "dashboardBG@2x.png"; sourceTree = "<group>"; };
		13BAFE861802740100DB68FA /* gardientBG@2x.png */ = {isa = PBXFileReference; lastKnownFileType = image.png; path = "gardientBG@2x.png"; sourceTree = "<group>"; };
		13BAFE891802796000DB68FA /* Roboto-Black.ttf */ = {isa = PBXFileReference; lastKnownFileType = file; path = "Roboto-Black.ttf"; sourceTree = "<group>"; };
		13BAFE8A1802796000DB68FA /* Roboto-BlackItalic.ttf */ = {isa = PBXFileReference; lastKnownFileType = file; path = "Roboto-BlackItalic.ttf"; sourceTree = "<group>"; };
		13BAFE8B1802796000DB68FA /* Roboto-Bold.ttf */ = {isa = PBXFileReference; lastKnownFileType = file; path = "Roboto-Bold.ttf"; sourceTree = "<group>"; };
		13BAFE8C1802796000DB68FA /* Roboto-BoldCondensed.ttf */ = {isa = PBXFileReference; lastKnownFileType = file; path = "Roboto-BoldCondensed.ttf"; sourceTree = "<group>"; };
		13BAFE8D1802796000DB68FA /* Roboto-BoldCondensedItalic.ttf */ = {isa = PBXFileReference; lastKnownFileType = file; path = "Roboto-BoldCondensedItalic.ttf"; sourceTree = "<group>"; };
		13BAFE8E1802796000DB68FA /* Roboto-BoldItalic.ttf */ = {isa = PBXFileReference; lastKnownFileType = file; path = "Roboto-BoldItalic.ttf"; sourceTree = "<group>"; };
		13BAFE8F1802796000DB68FA /* Roboto-Condensed.ttf */ = {isa = PBXFileReference; lastKnownFileType = file; path = "Roboto-Condensed.ttf"; sourceTree = "<group>"; };
		13BAFE901802796000DB68FA /* Roboto-CondensedItalic.ttf */ = {isa = PBXFileReference; lastKnownFileType = file; path = "Roboto-CondensedItalic.ttf"; sourceTree = "<group>"; };
		13BAFE911802796000DB68FA /* Roboto-Italic.ttf */ = {isa = PBXFileReference; lastKnownFileType = file; path = "Roboto-Italic.ttf"; sourceTree = "<group>"; };
		13BAFE921802796000DB68FA /* Roboto-Light.ttf */ = {isa = PBXFileReference; lastKnownFileType = file; path = "Roboto-Light.ttf"; sourceTree = "<group>"; };
		13BAFE931802796000DB68FA /* Roboto-LightItalic.ttf */ = {isa = PBXFileReference; lastKnownFileType = file; path = "Roboto-LightItalic.ttf"; sourceTree = "<group>"; };
		13BAFE941802796000DB68FA /* Roboto-Medium.ttf */ = {isa = PBXFileReference; lastKnownFileType = file; path = "Roboto-Medium.ttf"; sourceTree = "<group>"; };
		13BAFE951802796000DB68FA /* Roboto-MediumItalic.ttf */ = {isa = PBXFileReference; lastKnownFileType = file; path = "Roboto-MediumItalic.ttf"; sourceTree = "<group>"; };
		13BAFE961802796000DB68FA /* Roboto-Regular.ttf */ = {isa = PBXFileReference; lastKnownFileType = file; path = "Roboto-Regular.ttf"; sourceTree = "<group>"; };
		13BAFE971802796000DB68FA /* Roboto-Thin.ttf */ = {isa = PBXFileReference; lastKnownFileType = file; path = "Roboto-Thin.ttf"; sourceTree = "<group>"; };
		13BAFE981802796000DB68FA /* Roboto-ThinItalic.ttf */ = {isa = PBXFileReference; lastKnownFileType = file; path = "Roboto-ThinItalic.ttf"; sourceTree = "<group>"; };
		13BAFEAA1802997900DB68FA /* calculus@2x.png */ = {isa = PBXFileReference; lastKnownFileType = image.png; path = "calculus@2x.png"; sourceTree = "<group>"; };
		13BAFEAC18029F0A00DB68FA /* locationInd@2x.png */ = {isa = PBXFileReference; lastKnownFileType = image.png; path = "locationInd@2x.png"; sourceTree = "<group>"; };
		13BAFEAE1802A59C00DB68FA /* highLow@2x.png */ = {isa = PBXFileReference; lastKnownFileType = image.png; path = "highLow@2x.png"; sourceTree = "<group>"; };
		13BAFEB01802A9A200DB68FA /* percip@2x.png */ = {isa = PBXFileReference; lastKnownFileType = image.png; path = "percip@2x.png"; sourceTree = "<group>"; };
		13BAFEB11802A9A200DB68FA /* condition@2x.png */ = {isa = PBXFileReference; lastKnownFileType = image.png; path = "condition@2x.png"; sourceTree = "<group>"; };
		13BAFEB51802AB8E00DB68FA /* Sunny@2x.png */ = {isa = PBXFileReference; lastKnownFileType = image.png; path = "Sunny@2x.png"; sourceTree = "<group>"; };
		13FAF00D1806D80000E1A9F8 /* motionBg@2x.png */ = {isa = PBXFileReference; lastKnownFileType = image.png; path = "motionBg@2x.png"; sourceTree = "<group>"; };
		1C96FB87180569880058B5BC /* UILabel+Font.h */ = {isa = PBXFileReference; fileEncoding = 4; lastKnownFileType = sourcecode.c.h; path = "UILabel+Font.h"; sourceTree = "<group>"; };
		1C96FB88180569880058B5BC /* UILabel+Font.m */ = {isa = PBXFileReference; fileEncoding = 4; lastKnownFileType = sourcecode.c.objc; path = "UILabel+Font.m"; sourceTree = "<group>"; };
		1C96FB8A180569980058B5BC /* UIView+Frame.h */ = {isa = PBXFileReference; fileEncoding = 4; lastKnownFileType = sourcecode.c.h; path = "UIView+Frame.h"; sourceTree = "<group>"; };
		1C96FB8B180569980058B5BC /* UIView+Frame.m */ = {isa = PBXFileReference; fileEncoding = 4; lastKnownFileType = sourcecode.c.objc; path = "UIView+Frame.m"; sourceTree = "<group>"; };
		1CE91D4318083B1300FE0B46 /* WeatherModelList.h */ = {isa = PBXFileReference; fileEncoding = 4; lastKnownFileType = sourcecode.c.h; path = WeatherModelList.h; sourceTree = "<group>"; };
		1CE91D4418083B1300FE0B46 /* WeatherModelList.m */ = {isa = PBXFileReference; fileEncoding = 4; lastKnownFileType = sourcecode.c.objc; path = WeatherModelList.m; sourceTree = "<group>"; };
/* End PBXFileReference section */

/* Begin PBXFrameworksBuildPhase section */
		13BAFE3C18025BF800DB68FA /* Frameworks */ = {
			isa = PBXFrameworksBuildPhase;
			buildActionMask = 2147483647;
			files = (
				13BAFE4518025BF800DB68FA /* CoreGraphics.framework in Frameworks */,
				13BAFE4918025BF800DB68FA /* CoreData.framework in Frameworks */,
				13BAFE4718025BF800DB68FA /* UIKit.framework in Frameworks */,
				13BAFE4318025BF800DB68FA /* Foundation.framework in Frameworks */,
			);
			runOnlyForDeploymentPostprocessing = 0;
		};
		13BAFE5C18025BF800DB68FA /* Frameworks */ = {
			isa = PBXFrameworksBuildPhase;
			buildActionMask = 2147483647;
			files = (
				13BAFE6118025BF800DB68FA /* XCTest.framework in Frameworks */,
				13BAFE6418025BF800DB68FA /* CoreData.framework in Frameworks */,
				13BAFE6318025BF800DB68FA /* UIKit.framework in Frameworks */,
				13BAFE6218025BF800DB68FA /* Foundation.framework in Frameworks */,
			);
			runOnlyForDeploymentPostprocessing = 0;
		};
/* End PBXFrameworksBuildPhase section */

/* Begin PBXGroup section */
		1303F0C0180440760046E720 /* View */ = {
			isa = PBXGroup;
			children = (
				1303F0C71804428F0046E720 /* UpcomingWeatherViewController.xib */,
			);
			name = View;
			sourceTree = "<group>";
		};
		1303F0CA1804489A0046E720 /* TinyWeatherIcon */ = {
			isa = PBXGroup;
			children = (
				1303F0CB1804489A0046E720 /* ClearTiny@2x.png */,
				1303F0CC1804489A0046E720 /* CloudyTiny@2x.png */,
				1303F0CD1804489A0046E720 /* OvercastTiny@2x.png */,
				1303F0CE1804489A0046E720 /* RainTiny@2x.png */,
				1303F0CF1804489A0046E720 /* ThunderStromTiny@2x.png */,
			);
			path = TinyWeatherIcon;
			sourceTree = "<group>";
		};
		132DF383180C3B9B00C70059 /* Delegate */ = {
			isa = PBXGroup;
			children = (
			);
			name = Delegate;
			sourceTree = "<group>";
		};
		13BAFE3618025BF800DB68FA = {
			isa = PBXGroup;
			children = (
				13BAFE4A18025BF800DB68FA /* WeatherPrototype */,
				13BAFE6718025BF800DB68FA /* WeatherPrototypeTests */,
				13BAFE4118025BF800DB68FA /* Frameworks */,
				13BAFE4018025BF800DB68FA /* Products */,
			);
			sourceTree = "<group>";
		};
		13BAFE4018025BF800DB68FA /* Products */ = {
			isa = PBXGroup;
			children = (
				13BAFE3F18025BF800DB68FA /* WeatherPrototype.app */,
				13BAFE5F18025BF800DB68FA /* WeatherPrototypeTests.xctest */,
			);
			name = Products;
			sourceTree = "<group>";
		};
		13BAFE4118025BF800DB68FA /* Frameworks */ = {
			isa = PBXGroup;
			children = (
				13BAFE4218025BF800DB68FA /* Foundation.framework */,
				13BAFE4418025BF800DB68FA /* CoreGraphics.framework */,
				13BAFE4618025BF800DB68FA /* UIKit.framework */,
				13BAFE4818025BF800DB68FA /* CoreData.framework */,
				13BAFE6018025BF800DB68FA /* XCTest.framework */,
			);
			name = Frameworks;
			sourceTree = "<group>";
		};
		13BAFE4A18025BF800DB68FA /* WeatherPrototype */ = {
			isa = PBXGroup;
			children = (
				132DF383180C3B9B00C70059 /* Delegate */,
				1C96FB86180569690058B5BC /* Category */,
				1303F0C0180440760046E720 /* View */,
				13BAFEB81802B58500DB68FA /* Controllers */,
				13BAFEB71802B56900DB68FA /* Model */,
				13BAFE881802796000DB68FA /* Fonts */,
				13BAFE7D18026C7200DB68FA /* Images */,
				13BAFE5318025BF800DB68FA /* AppDelegate.h */,
				13BAFE5418025BF800DB68FA /* AppDelegate.m */,
				13BAFE5918025BF800DB68FA /* Images.xcassets */,
				13BAFE5618025BF800DB68FA /* WeatherPrototype.xcdatamodeld */,
				13BAFE4B18025BF800DB68FA /* Supporting Files */,
			);
			path = WeatherPrototype;
			sourceTree = "<group>";
		};
		13BAFE4B18025BF800DB68FA /* Supporting Files */ = {
			isa = PBXGroup;
			children = (
				13BAFE4C18025BF800DB68FA /* WeatherPrototype-Info.plist */,
				13BAFE4D18025BF800DB68FA /* InfoPlist.strings */,
				13BAFE5018025BF800DB68FA /* main.m */,
				13BAFE5218025BF800DB68FA /* WeatherPrototype-Prefix.pch */,
			);
			name = "Supporting Files";
			sourceTree = "<group>";
		};
		13BAFE6718025BF800DB68FA /* WeatherPrototypeTests */ = {
			isa = PBXGroup;
			children = (
				13BAFE6D18025BF800DB68FA /* WeatherPrototypeTests.m */,
				13BAFE6818025BF800DB68FA /* Supporting Files */,
			);
			path = WeatherPrototypeTests;
			sourceTree = "<group>";
		};
		13BAFE6818025BF800DB68FA /* Supporting Files */ = {
			isa = PBXGroup;
			children = (
				13BAFE6918025BF800DB68FA /* WeatherPrototypeTests-Info.plist */,
				13BAFE6A18025BF800DB68FA /* InfoPlist.strings */,
			);
			name = "Supporting Files";
			sourceTree = "<group>";
		};
		13BAFE7D18026C7200DB68FA /* Images */ = {
			isa = PBXGroup;
			children = (
				1338C3F8180AFED20039FB15 /* settingsButton@2x.png */,
				1348DF891805BA1E0051211C /* fair@2x.png */,
				1348DF8A1805BA1E0051211C /* clear@2x.png */,
				1303F0CA1804489A0046E720 /* TinyWeatherIcon */,
				13BAFEB41802AB8E00DB68FA /* weatherImage */,
				13BAFEB01802A9A200DB68FA /* percip@2x.png */,
				13BAFEB11802A9A200DB68FA /* condition@2x.png */,
				13BAFEAE1802A59C00DB68FA /* highLow@2x.png */,
				13BAFEAC18029F0A00DB68FA /* locationInd@2x.png */,
				13BAFEAA1802997900DB68FA /* calculus@2x.png */,
				13BAFE861802740100DB68FA /* gardientBG@2x.png */,
				13BAFE841802724E00DB68FA /* dashboardBG@2x.png */,
				13FAF00D1806D80000E1A9F8 /* motionBg@2x.png */,
				13BAFE821802706C00DB68FA /* bg@2x.png */,
			);
			name = Images;
			sourceTree = "<group>";
		};
		13BAFE881802796000DB68FA /* Fonts */ = {
			isa = PBXGroup;
			children = (
				13BAFE891802796000DB68FA /* Roboto-Black.ttf */,
				13BAFE8A1802796000DB68FA /* Roboto-BlackItalic.ttf */,
				13BAFE8B1802796000DB68FA /* Roboto-Bold.ttf */,
				13BAFE8C1802796000DB68FA /* Roboto-BoldCondensed.ttf */,
				13BAFE8D1802796000DB68FA /* Roboto-BoldCondensedItalic.ttf */,
				13BAFE8E1802796000DB68FA /* Roboto-BoldItalic.ttf */,
				13BAFE8F1802796000DB68FA /* Roboto-Condensed.ttf */,
				13BAFE901802796000DB68FA /* Roboto-CondensedItalic.ttf */,
				13BAFE911802796000DB68FA /* Roboto-Italic.ttf */,
				13BAFE921802796000DB68FA /* Roboto-Light.ttf */,
				13BAFE931802796000DB68FA /* Roboto-LightItalic.ttf */,
				13BAFE941802796000DB68FA /* Roboto-Medium.ttf */,
				13BAFE951802796000DB68FA /* Roboto-MediumItalic.ttf */,
				13BAFE961802796000DB68FA /* Roboto-Regular.ttf */,
				13BAFE971802796000DB68FA /* Roboto-Thin.ttf */,
				13BAFE981802796000DB68FA /* Roboto-ThinItalic.ttf */,
			);
			name = Fonts;
			path = ../Fonts;
			sourceTree = "<group>";
		};
		13BAFEB41802AB8E00DB68FA /* weatherImage */ = {
			isa = PBXGroup;
			children = (
				13BAFEB51802AB8E00DB68FA /* Sunny@2x.png */,
			);
			path = weatherImage;
			sourceTree = "<group>";
		};
		13BAFEB71802B56900DB68FA /* Model */ = {
			isa = PBXGroup;
			children = (
				13BAFE7A18025F5400DB68FA /* WeatherModel.h */,
				13BAFE7B18025F5400DB68FA /* WeatherModel.m */,
				1CE91D4318083B1300FE0B46 /* WeatherModelList.h */,
				1CE91D4418083B1300FE0B46 /* WeatherModelList.m */,
			);
			name = Model;
			sourceTree = "<group>";
		};
		13BAFEB81802B58500DB68FA /* Controllers */ = {
			isa = PBXGroup;
			children = (
				1338C3F2180AF9740039FB15 /* BaseViewController.h */,
				1338C3F3180AF9740039FB15 /* BaseViewController.m */,
				13BAFE7718025F1600DB68FA /* WeatherViewController.h */,
				13BAFE7818025F1600DB68FA /* WeatherViewController.m */,
				1303F0C51804428F0046E720 /* UpcomingWeatherViewController.h */,
				1303F0C61804428F0046E720 /* UpcomingWeatherViewController.m */,
				1338C3F5180AF9840039FB15 /* LeftPanelViewController.h */,
				1338C3F6180AF9840039FB15 /* LeftPanelViewController.m */,
			);
			name = Controllers;
			sourceTree = "<group>";
		};
		1C96FB86180569690058B5BC /* Category */ = {
			isa = PBXGroup;
			children = (
				1C96FB87180569880058B5BC /* UILabel+Font.h */,
				1C96FB88180569880058B5BC /* UILabel+Font.m */,
				1C96FB8A180569980058B5BC /* UIView+Frame.h */,
				1C96FB8B180569980058B5BC /* UIView+Frame.m */,
			);
			name = Category;
			sourceTree = "<group>";
		};
/* End PBXGroup section */

/* Begin PBXNativeTarget section */
		13BAFE3E18025BF800DB68FA /* WeatherPrototype */ = {
			isa = PBXNativeTarget;
			buildConfigurationList = 13BAFE7118025BF800DB68FA /* Build configuration list for PBXNativeTarget "WeatherPrototype" */;
			buildPhases = (
				13BAFE3B18025BF800DB68FA /* Sources */,
				13BAFE3C18025BF800DB68FA /* Frameworks */,
				13BAFE3D18025BF800DB68FA /* Resources */,
			);
			buildRules = (
			);
			dependencies = (
			);
			name = WeatherPrototype;
			productName = WeatherPrototype;
			productReference = 13BAFE3F18025BF800DB68FA /* WeatherPrototype.app */;
			productType = "com.apple.product-type.application";
		};
		13BAFE5E18025BF800DB68FA /* WeatherPrototypeTests */ = {
			isa = PBXNativeTarget;
			buildConfigurationList = 13BAFE7418025BF800DB68FA /* Build configuration list for PBXNativeTarget "WeatherPrototypeTests" */;
			buildPhases = (
				13BAFE5B18025BF800DB68FA /* Sources */,
				13BAFE5C18025BF800DB68FA /* Frameworks */,
				13BAFE5D18025BF800DB68FA /* Resources */,
			);
			buildRules = (
			);
			dependencies = (
				13BAFE6618025BF800DB68FA /* PBXTargetDependency */,
			);
			name = WeatherPrototypeTests;
			productName = WeatherPrototypeTests;
			productReference = 13BAFE5F18025BF800DB68FA /* WeatherPrototypeTests.xctest */;
			productType = "com.apple.product-type.bundle.unit-test";
		};
/* End PBXNativeTarget section */

/* Begin PBXProject section */
		13BAFE3718025BF800DB68FA /* Project object */ = {
			isa = PBXProject;
			attributes = {
				CLASSPREFIX = "";
				LastUpgradeCheck = 0500;
				ORGANIZATIONNAME = "大畅";
				TargetAttributes = {
					13BAFE5E18025BF800DB68FA = {
						TestTargetID = 13BAFE3E18025BF800DB68FA;
					};
				};
			};
			buildConfigurationList = 13BAFE3A18025BF800DB68FA /* Build configuration list for PBXProject "WeatherPrototype" */;
			compatibilityVersion = "Xcode 3.2";
			developmentRegion = English;
			hasScannedForEncodings = 0;
			knownRegions = (
				en,
			);
			mainGroup = 13BAFE3618025BF800DB68FA;
			productRefGroup = 13BAFE4018025BF800DB68FA /* Products */;
			projectDirPath = "";
			projectRoot = "";
			targets = (
				13BAFE3E18025BF800DB68FA /* WeatherPrototype */,
				13BAFE5E18025BF800DB68FA /* WeatherPrototypeTests */,
			);
		};
/* End PBXProject section */

/* Begin PBXResourcesBuildPhase section */
		13BAFE3D18025BF800DB68FA /* Resources */ = {
			isa = PBXResourcesBuildPhase;
			buildActionMask = 2147483647;
			files = (
				13BAFEAB1802997900DB68FA /* calculus@2x.png in Resources */,
				13BAFE851802724E00DB68FA /* dashboardBG@2x.png in Resources */,
				1303F0D41804489A0046E720 /* ThunderStromTiny@2x.png in Resources */,
				13BAFEAD18029F0A00DB68FA /* locationInd@2x.png in Resources */,
				13BAFE9E1802796000DB68FA /* Roboto-BoldItalic.ttf in Resources */,
				13BAFEA31802796000DB68FA /* Roboto-LightItalic.ttf in Resources */,
				13BAFEA81802796000DB68FA /* Roboto-ThinItalic.ttf in Resources */,
				13BAFEB21802A9A200DB68FA /* percip@2x.png in Resources */,
				13BAFEA41802796000DB68FA /* Roboto-Medium.ttf in Resources */,
				1303F0D11804489A0046E720 /* CloudyTiny@2x.png in Resources */,
				1303F0D21804489A0046E720 /* OvercastTiny@2x.png in Resources */,
				13BAFEA21802796000DB68FA /* Roboto-Light.ttf in Resources */,
				13BAFE831802706C00DB68FA /* bg@2x.png in Resources */,
				13BAFEB61802AB8E00DB68FA /* Sunny@2x.png in Resources */,
				1348DF8B1805BA1E0051211C /* fair@2x.png in Resources */,
				13BAFE871802740100DB68FA /* gardientBG@2x.png in Resources */,
				1348DF8C1805BA1E0051211C /* clear@2x.png in Resources */,
				13BAFE9A1802796000DB68FA /* Roboto-BlackItalic.ttf in Resources */,
				1303F0C91804428F0046E720 /* UpcomingWeatherViewController.xib in Resources */,
				13FAF00E1806D80000E1A9F8 /* motionBg@2x.png in Resources */,
				13BAFEA71802796000DB68FA /* Roboto-Thin.ttf in Resources */,
				13BAFE9F1802796000DB68FA /* Roboto-Condensed.ttf in Resources */,
				13BAFEAF1802A59C00DB68FA /* highLow@2x.png in Resources */,
				1338C3F9180AFED20039FB15 /* settingsButton@2x.png in Resources */,
				13BAFE4F18025BF800DB68FA /* InfoPlist.strings in Resources */,
				13BAFEB31802A9A200DB68FA /* condition@2x.png in Resources */,
				13BAFEA01802796000DB68FA /* Roboto-CondensedItalic.ttf in Resources */,
				13BAFE5A18025BF800DB68FA /* Images.xcassets in Resources */,
				1303F0D01804489A0046E720 /* ClearTiny@2x.png in Resources */,
				13BAFE9B1802796000DB68FA /* Roboto-Bold.ttf in Resources */,
				13BAFE9C1802796000DB68FA /* Roboto-BoldCondensed.ttf in Resources */,
				1303F0D31804489A0046E720 /* RainTiny@2x.png in Resources */,
				13BAFEA11802796000DB68FA /* Roboto-Italic.ttf in Resources */,
				13BAFEA61802796000DB68FA /* Roboto-Regular.ttf in Resources */,
				13BAFE9D1802796000DB68FA /* Roboto-BoldCondensedItalic.ttf in Resources */,
				13BAFEA51802796000DB68FA /* Roboto-MediumItalic.ttf in Resources */,
				13BAFE991802796000DB68FA /* Roboto-Black.ttf in Resources */,
			);
			runOnlyForDeploymentPostprocessing = 0;
		};
		13BAFE5D18025BF800DB68FA /* Resources */ = {
			isa = PBXResourcesBuildPhase;
			buildActionMask = 2147483647;
			files = (
				13BAFE6C18025BF800DB68FA /* InfoPlist.strings in Resources */,
			);
			runOnlyForDeploymentPostprocessing = 0;
		};
/* End PBXResourcesBuildPhase section */

/* Begin PBXSourcesBuildPhase section */
		13BAFE3B18025BF800DB68FA /* Sources */ = {
			isa = PBXSourcesBuildPhase;
			buildActionMask = 2147483647;
			files = (
				1C96FB8C180569980058B5BC /* UIView+Frame.m in Sources */,
				1338C3F4180AF9740039FB15 /* BaseViewController.m in Sources */,
				1CE91D4518083B1300FE0B46 /* WeatherModelList.m in Sources */,
				13BAFE5518025BF800DB68FA /* AppDelegate.m in Sources */,
				1C96FB89180569880058B5BC /* UILabel+Font.m in Sources */,
				13BAFE7C18025F5400DB68FA /* WeatherModel.m in Sources */,
				13BAFE7918025F1600DB68FA /* WeatherViewController.m in Sources */,
				13BAFE5818025BF800DB68FA /* WeatherPrototype.xcdatamodeld in Sources */,
				1338C3F7180AF9840039FB15 /* LeftPanelViewController.m in Sources */,
				13BAFE5118025BF800DB68FA /* main.m in Sources */,
				1303F0C81804428F0046E720 /* UpcomingWeatherViewController.m in Sources */,
			);
			runOnlyForDeploymentPostprocessing = 0;
		};
		13BAFE5B18025BF800DB68FA /* Sources */ = {
			isa = PBXSourcesBuildPhase;
			buildActionMask = 2147483647;
			files = (
				13BAFE6E18025BF800DB68FA /* WeatherPrototypeTests.m in Sources */,
			);
			runOnlyForDeploymentPostprocessing = 0;
		};
/* End PBXSourcesBuildPhase section */

/* Begin PBXTargetDependency section */
		13BAFE6618025BF800DB68FA /* PBXTargetDependency */ = {
			isa = PBXTargetDependency;
			target = 13BAFE3E18025BF800DB68FA /* WeatherPrototype */;
			targetProxy = 13BAFE6518025BF800DB68FA /* PBXContainerItemProxy */;
		};
/* End PBXTargetDependency section */

/* Begin PBXVariantGroup section */
		13BAFE4D18025BF800DB68FA /* InfoPlist.strings */ = {
			isa = PBXVariantGroup;
			children = (
				13BAFE4E18025BF800DB68FA /* en */,
			);
			name = InfoPlist.strings;
			sourceTree = "<group>";
		};
		13BAFE6A18025BF800DB68FA /* InfoPlist.strings */ = {
			isa = PBXVariantGroup;
			children = (
				13BAFE6B18025BF800DB68FA /* en */,
			);
			name = InfoPlist.strings;
			sourceTree = "<group>";
		};
/* End PBXVariantGroup section */

/* Begin XCBuildConfiguration section */
		13BAFE6F18025BF800DB68FA /* Debug */ = {
			isa = XCBuildConfiguration;
			buildSettings = {
				ALWAYS_SEARCH_USER_PATHS = NO;
				ARCHS = "$(ARCHS_STANDARD_INCLUDING_64_BIT)";
				CLANG_CXX_LANGUAGE_STANDARD = "gnu++0x";
				CLANG_CXX_LIBRARY = "libc++";
				CLANG_ENABLE_MODULES = YES;
				CLANG_ENABLE_OBJC_ARC = YES;
				CLANG_WARN_BOOL_CONVERSION = YES;
				CLANG_WARN_CONSTANT_CONVERSION = YES;
				CLANG_WARN_DIRECT_OBJC_ISA_USAGE = YES_ERROR;
				CLANG_WARN_EMPTY_BODY = YES;
				CLANG_WARN_ENUM_CONVERSION = YES;
				CLANG_WARN_INT_CONVERSION = YES;
				CLANG_WARN_OBJC_ROOT_CLASS = YES_ERROR;
				CLANG_WARN__DUPLICATE_METHOD_MATCH = YES;
				"CODE_SIGN_IDENTITY[sdk=iphoneos*]" = "iPhone Developer";
				COPY_PHASE_STRIP = NO;
				GCC_C_LANGUAGE_STANDARD = gnu99;
				GCC_DYNAMIC_NO_PIC = NO;
				GCC_OPTIMIZATION_LEVEL = 0;
				GCC_PREPROCESSOR_DEFINITIONS = (
					"DEBUG=1",
					"$(inherited)",
				);
				GCC_SYMBOLS_PRIVATE_EXTERN = NO;
				GCC_WARN_64_TO_32_BIT_CONVERSION = YES;
				GCC_WARN_ABOUT_RETURN_TYPE = YES_ERROR;
				GCC_WARN_UNDECLARED_SELECTOR = YES;
				GCC_WARN_UNINITIALIZED_AUTOS = YES;
				GCC_WARN_UNUSED_FUNCTION = YES;
				GCC_WARN_UNUSED_VARIABLE = YES;
				IPHONEOS_DEPLOYMENT_TARGET = 7.0;
				ONLY_ACTIVE_ARCH = YES;
				SDKROOT = iphoneos;
			};
			name = Debug;
		};
		13BAFE7018025BF800DB68FA /* Release */ = {
			isa = XCBuildConfiguration;
			buildSettings = {
				ALWAYS_SEARCH_USER_PATHS = NO;
				ARCHS = "$(ARCHS_STANDARD_INCLUDING_64_BIT)";
				CLANG_CXX_LANGUAGE_STANDARD = "gnu++0x";
				CLANG_CXX_LIBRARY = "libc++";
				CLANG_ENABLE_MODULES = YES;
				CLANG_ENABLE_OBJC_ARC = YES;
				CLANG_WARN_BOOL_CONVERSION = YES;
				CLANG_WARN_CONSTANT_CONVERSION = YES;
				CLANG_WARN_DIRECT_OBJC_ISA_USAGE = YES_ERROR;
				CLANG_WARN_EMPTY_BODY = YES;
				CLANG_WARN_ENUM_CONVERSION = YES;
				CLANG_WARN_INT_CONVERSION = YES;
				CLANG_WARN_OBJC_ROOT_CLASS = YES_ERROR;
				CLANG_WARN__DUPLICATE_METHOD_MATCH = YES;
				"CODE_SIGN_IDENTITY[sdk=iphoneos*]" = "iPhone Developer";
				COPY_PHASE_STRIP = YES;
				ENABLE_NS_ASSERTIONS = NO;
				GCC_C_LANGUAGE_STANDARD = gnu99;
				GCC_WARN_64_TO_32_BIT_CONVERSION = YES;
				GCC_WARN_ABOUT_RETURN_TYPE = YES_ERROR;
				GCC_WARN_UNDECLARED_SELECTOR = YES;
				GCC_WARN_UNINITIALIZED_AUTOS = YES;
				GCC_WARN_UNUSED_FUNCTION = YES;
				GCC_WARN_UNUSED_VARIABLE = YES;
				IPHONEOS_DEPLOYMENT_TARGET = 7.0;
				SDKROOT = iphoneos;
				VALIDATE_PRODUCT = YES;
			};
			name = Release;
		};
		13BAFE7218025BF800DB68FA /* Debug */ = {
			isa = XCBuildConfiguration;
			buildSettings = {
				ASSETCATALOG_COMPILER_APPICON_NAME = AppIcon;
				ASSETCATALOG_COMPILER_LAUNCHIMAGE_NAME = LaunchImage;
				GCC_PRECOMPILE_PREFIX_HEADER = YES;
				GCC_PREFIX_HEADER = "WeatherPrototype/WeatherPrototype-Prefix.pch";
				INFOPLIST_FILE = "WeatherPrototype/WeatherPrototype-Info.plist";
				PRODUCT_NAME = "$(TARGET_NAME)";
				WRAPPER_EXTENSION = app;
			};
			name = Debug;
		};
		13BAFE7318025BF800DB68FA /* Release */ = {
			isa = XCBuildConfiguration;
			buildSettings = {
				ASSETCATALOG_COMPILER_APPICON_NAME = AppIcon;
				ASSETCATALOG_COMPILER_LAUNCHIMAGE_NAME = LaunchImage;
				GCC_PRECOMPILE_PREFIX_HEADER = YES;
				GCC_PREFIX_HEADER = "WeatherPrototype/WeatherPrototype-Prefix.pch";
				INFOPLIST_FILE = "WeatherPrototype/WeatherPrototype-Info.plist";
				PRODUCT_NAME = "$(TARGET_NAME)";
				WRAPPER_EXTENSION = app;
			};
			name = Release;
		};
		13BAFE7518025BF800DB68FA /* Debug */ = {
			isa = XCBuildConfiguration;
			buildSettings = {
				ARCHS = "$(ARCHS_STANDARD_INCLUDING_64_BIT)";
				BUNDLE_LOADER = "$(BUILT_PRODUCTS_DIR)/WeatherPrototype.app/WeatherPrototype";
				FRAMEWORK_SEARCH_PATHS = (
					"$(SDKROOT)/Developer/Library/Frameworks",
					"$(inherited)",
					"$(DEVELOPER_FRAMEWORKS_DIR)",
				);
				GCC_PRECOMPILE_PREFIX_HEADER = YES;
				GCC_PREFIX_HEADER = "WeatherPrototype/WeatherPrototype-Prefix.pch";
				GCC_PREPROCESSOR_DEFINITIONS = (
					"DEBUG=1",
					"$(inherited)",
				);
				INFOPLIST_FILE = "WeatherPrototypeTests/WeatherPrototypeTests-Info.plist";
				PRODUCT_NAME = "$(TARGET_NAME)";
				TEST_HOST = "$(BUNDLE_LOADER)";
				WRAPPER_EXTENSION = xctest;
			};
			name = Debug;
		};
		13BAFE7618025BF800DB68FA /* Release */ = {
			isa = XCBuildConfiguration;
			buildSettings = {
				ARCHS = "$(ARCHS_STANDARD_INCLUDING_64_BIT)";
				BUNDLE_LOADER = "$(BUILT_PRODUCTS_DIR)/WeatherPrototype.app/WeatherPrototype";
				FRAMEWORK_SEARCH_PATHS = (
					"$(SDKROOT)/Developer/Library/Frameworks",
					"$(inherited)",
					"$(DEVELOPER_FRAMEWORKS_DIR)",
				);
				GCC_PRECOMPILE_PREFIX_HEADER = YES;
				GCC_PREFIX_HEADER = "WeatherPrototype/WeatherPrototype-Prefix.pch";
				INFOPLIST_FILE = "WeatherPrototypeTests/WeatherPrototypeTests-Info.plist";
				PRODUCT_NAME = "$(TARGET_NAME)";
				TEST_HOST = "$(BUNDLE_LOADER)";
				WRAPPER_EXTENSION = xctest;
			};
			name = Release;
		};
/* End XCBuildConfiguration section */

/* Begin XCConfigurationList section */
		13BAFE3A18025BF800DB68FA /* Build configuration list for PBXProject "WeatherPrototype" */ = {
			isa = XCConfigurationList;
			buildConfigurations = (
				13BAFE6F18025BF800DB68FA /* Debug */,
				13BAFE7018025BF800DB68FA /* Release */,
			);
			defaultConfigurationIsVisible = 0;
			defaultConfigurationName = Release;
		};
		13BAFE7118025BF800DB68FA /* Build configuration list for PBXNativeTarget "WeatherPrototype" */ = {
			isa = XCConfigurationList;
			buildConfigurations = (
				13BAFE7218025BF800DB68FA /* Debug */,
				13BAFE7318025BF800DB68FA /* Release */,
			);
			defaultConfigurationIsVisible = 0;
			defaultConfigurationName = Release;
		};
		13BAFE7418025BF800DB68FA /* Build configuration list for PBXNativeTarget "WeatherPrototypeTests" */ = {
			isa = XCConfigurationList;
			buildConfigurations = (
				13BAFE7518025BF800DB68FA /* Debug */,
				13BAFE7618025BF800DB68FA /* Release */,
			);
			defaultConfigurationIsVisible = 0;
			defaultConfigurationName = Release;
		};
/* End XCConfigurationList section */

/* Begin XCVersionGroup section */
		13BAFE5618025BF800DB68FA /* WeatherPrototype.xcdatamodeld */ = {
			isa = XCVersionGroup;
			children = (
				13BAFE5718025BF800DB68FA /* WeatherPrototype.xcdatamodel */,
			);
			currentVersion = 13BAFE5718025BF800DB68FA /* WeatherPrototype.xcdatamodel */;
			path = WeatherPrototype.xcdatamodeld;
			sourceTree = "<group>";
			versionGroupType = wrapper.xcdatamodel;
		};
/* End XCVersionGroup section */
	};
	rootObject = 13BAFE3718025BF800DB68FA /* Project object */;
}
